
Microsoft Visual Studio Solution File, Format Version 12.00
# Visual Studio 15
VisualStudioVersion = 15.0.28307.136
MinimumVisualStudioVersion = 10.0.40219.1
Project("{8BC9CEB8-8B4A-11D0-8D11-00A0C91BC942}") = "Lineare Liste 3", "Lineare Liste 3\Lineare Liste 3.vcxproj", "{329B898F-C500-4077-91A1-31ABA8CD6BCF}"
EndProject
Global
	GlobalSection(SolutionConfigurationPlatforms) = preSolution
		Debug|x64 = Debug|x64
		Debug|x86 = Debug|x86
		Release|x64 = Release|x64
		Release|x86 = Release|x86
	EndGlobalSection
	GlobalSection(ProjectConfigurationPlatforms) = postSolution
		{329B898F-C500-4077-91A1-31ABA8CD6BCF}.Debug|x64.ActiveCfg = Debug|x64
		{329B898F-C500-4077-91A1-31ABA8CD6BCF}.Debug|x64.Build.0 = Debug|x64
		{329B898F-C500-4077-91A1-31ABA8CD6BCF}.Debug|x86.ActiveCfg = Debug|Win32
		{329B898F-C500-4077-91A1-31ABA8CD6BCF}.Debug|x86.Build.0 = Debug|Win32
		{329B898F-C500-4077-91A1-31ABA8CD6BCF}.Release|x64.ActiveCfg = Release|x64
		{329B898F-C500-4077-91A1-31ABA8CD6BCF}.Release|x64.Build.0 = Release|x64
		{329B898F-C500-4077-91A1-31ABA8CD6BCF}.Release|x86.ActiveCfg = Release|Win32
		{329B898F-C500-4077-91A1-31ABA8CD6BCF}.Release|x86.Build.0 = Release|Win32
	EndGlobalSection
	GlobalSection(SolutionProperties) = preSolution
		HideSolutionNode = FALSE
	EndGlobalSection
	GlobalSection(ExtensibilityGlobals) = postSolution
		SolutionGuid = {4AB09FDA-632E-4638-BE05-FD0AD21ED459}
	EndGlobalSection
EndGlobal
